{
  "name": "serveurFormationV2",
  "lockfileVersion": 2,
  "requires": true,
  "packages": {
    "": {
      "dependencies": {
        "json-concat": "^0.0.1"
      }
    },
    "node_modules/json-concat": {
      "version": "0.0.1",
      "resolved": "https://registry.npmjs.org/json-concat/-/json-concat-0.0.1.tgz",
      "integrity": "sha512-clK755bwGKlpRESYivScHgyaMV+aChahmbywnpACF8CEECgtXFAh9dWuym7h0FwlyawjldN80uEXf9BcxeKVPA==",
      "bin": {
        "json-concat": "bin/json-concat"
      }
    }
  },
  "dependencies": {
    "json-concat": {
      "version": "0.0.1",
      "resolved": "https://registry.npmjs.org/json-concat/-/json-concat-0.0.1.tgz",
      "integrity": "sha512-clK755bwGKlpRESYivScHgyaMV+aChahmbywnpACF8CEECgtXFAh9dWuym7h0FwlyawjldN80uEXf9BcxeKVPA=="
    }
  }
}
